// !$*UTF8*$!
{
	archiveVersion = 1;
	classes = {
	};
	objectVersion = 50;
	objects = {

/* Begin PBXBuildFile section */
		7369934623566C9C002C6976 /* AppDelegate.swift in Sources */ = {isa = PBXBuildFile; fileRef = 7369934523566C9C002C6976 /* AppDelegate.swift */; };
		7369934823566C9C002C6976 /* ViewController.swift in Sources */ = {isa = PBXBuildFile; fileRef = 7369934723566C9C002C6976 /* ViewController.swift */; };
		7369934B23566C9C002C6976 /* Main.storyboard in Resources */ = {isa = PBXBuildFile; fileRef = 7369934923566C9C002C6976 /* Main.storyboard */; };
		7369934E23566C9C002C6976 /* group15_assignment6.xcdatamodeld in Sources */ = {isa = PBXBuildFile; fileRef = 7369934C23566C9C002C6976 /* group15_assignment6.xcdatamodeld */; };
		7369935023566C9D002C6976 /* Assets.xcassets in Resources */ = {isa = PBXBuildFile; fileRef = 7369934F23566C9D002C6976 /* Assets.xcassets */; };
		7369935323566C9D002C6976 /* LaunchScreen.storyboard in Resources */ = {isa = PBXBuildFile; fileRef = 7369935123566C9D002C6976 /* LaunchScreen.storyboard */; };
		7369935D23567032002C6976 /* AddAdventurerViewController.swift in Sources */ = {isa = PBXBuildFile; fileRef = 7369935C23567032002C6976 /* AddAdventurerViewController.swift */; };
		7369935F23567039002C6976 /* QuestViewController.swift in Sources */ = {isa = PBXBuildFile; fileRef = 7369935E23567039002C6976 /* QuestViewController.swift */; };
		73699363235671F0002C6976 /* AdventurerTableViewController.swift in Sources */ = {isa = PBXBuildFile; fileRef = 73699362235671F0002C6976 /* AdventurerTableViewController.swift */; };
/* End PBXBuildFile section */

/* Begin PBXFileReference section */
		7369934223566C9C002C6976 /* group15_assignment6.app */ = {isa = PBXFileReference; explicitFileType = wrapper.application; includeInIndex = 0; path = group15_assignment6.app; sourceTree = BUILT_PRODUCTS_DIR; };
		7369934523566C9C002C6976 /* AppDelegate.swift */ = {isa = PBXFileReference; lastKnownFileType = sourcecode.swift; path = AppDelegate.swift; sourceTree = "<group>"; };
		7369934723566C9C002C6976 /* ViewController.swift */ = {isa = PBXFileReference; lastKnownFileType = sourcecode.swift; path = ViewController.swift; sourceTree = "<group>"; };
		7369934A23566C9C002C6976 /* Base */ = {isa = PBXFileReference; lastKnownFileType = file.storyboard; name = Base; path = Base.lproj/Main.storyboard; sourceTree = "<group>"; };
		7369934D23566C9C002C6976 /* group15_assignment6.xcdatamodel */ = {isa = PBXFileReference; lastKnownFileType = wrapper.xcdatamodel; path = group15_assignment6.xcdatamodel; sourceTree = "<group>"; };
		7369934F23566C9D002C6976 /* Assets.xcassets */ = {isa = PBXFileReference; lastKnownFileType = folder.assetcatalog; path = Assets.xcassets; sourceTree = "<group>"; };
		7369935223566C9D002C6976 /* Base */ = {isa = PBXFileReference; lastKnownFileType = file.storyboard; name = Base; path = Base.lproj/LaunchScreen.storyboard; sourceTree = "<group>"; };
		7369935423566C9D002C6976 /* Info.plist */ = {isa = PBXFileReference; lastKnownFileType = text.plist.xml; path = Info.plist; sourceTree = "<group>"; };
		7369935C23567032002C6976 /* AddAdventurerViewController.swift */ = {isa = PBXFileReference; lastKnownFileType = sourcecode.swift; path = AddAdventurerViewController.swift; sourceTree = "<group>"; };
		7369935E23567039002C6976 /* QuestViewController.swift */ = {isa = PBXFileReference; lastKnownFileType = sourcecode.swift; path = QuestViewController.swift; sourceTree = "<group>"; };
		73699362235671F0002C6976 /* AdventurerTableViewController.swift */ = {isa = PBXFileReference; lastKnownFileType = sourcecode.swift; path = AdventurerTableViewController.swift; sourceTree = "<group>"; };
/* End PBXFileReference section */

/* Begin PBXFrameworksBuildPhase section */
		7369933F23566C9C002C6976 /* Frameworks */ = {
			isa = PBXFrameworksBuildPhase;
			buildActionMask = 2147483647;
			files = (
			);
			runOnlyForDeploymentPostprocessing = 0;
		};
/* End PBXFrameworksBuildPhase section */

/* Begin PBXGroup section */
		7369933923566C9C002C6976 = {
			isa = PBXGroup;
			children = (
				7369934423566C9C002C6976 /* group15_assignment6 */,
				7369934323566C9C002C6976 /* Products */,
			);
			sourceTree = "<group>";
		};
		7369934323566C9C002C6976 /* Products */ = {
			isa = PBXGroup;
			children = (
				7369934223566C9C002C6976 /* group15_assignment6.app */,
			);
			name = Products;
			sourceTree = "<group>";
		};
		7369934423566C9C002C6976 /* group15_assignment6 */ = {
			isa = PBXGroup;
			children = (
				7369934523566C9C002C6976 /* AppDelegate.swift */,
				7369934723566C9C002C6976 /* ViewController.swift */,
				7369934923566C9C002C6976 /* Main.storyboard */,
				73699362235671F0002C6976 /* AdventurerTableViewController.swift */,
				7369935C23567032002C6976 /* AddAdventurerViewController.swift */,
				7369935E23567039002C6976 /* QuestViewController.swift */,
				7369934F23566C9D002C6976 /* Assets.xcassets */,
				7369935123566C9D002C6976 /* LaunchScreen.storyboard */,
				7369935423566C9D002C6976 /* Info.plist */,
				7369934C23566C9C002C6976 /* group15_assignment6.xcdatamodeld */,
			);
			path = group15_assignment6;
			sourceTree = "<group>";
		};
/* End PBXGroup section */

/* Begin PBXNativeTarget section */
		7369934123566C9C002C6976 /* group15_assignment6 */ = {
			isa = PBXNativeTarget;
			buildConfigurationList = 7369935723566C9D002C6976 /* Build configuration list for PBXNativeTarget "group15_assignment6" */;
			buildPhases = (
				7369933E23566C9C002C6976 /* Sources */,
				7369933F23566C9C002C6976 /* Frameworks */,
				7369934023566C9C002C6976 /* Resources */,
			);
			buildRules = (
			);
			dependencies = (
			);
			name = group15_assignment6;
			productName = group15_assignment6;
			productReference = 7369934223566C9C002C6976 /* group15_assignment6.app */;
			productType = "com.apple.product-type.application";
		};
/* End PBXNativeTarget section */

/* Begin PBXProject section */
		7369933A23566C9C002C6976 /* Project object */ = {
			isa = PBXProject;
			attributes = {
				LastSwiftUpdateCheck = 1030;
				LastUpgradeCheck = 1030;
				TargetAttributes = {
					7369934123566C9C002C6976 = {
						CreatedOnToolsVersion = 10.3;
					};
				};
			};
			buildConfigurationList = 7369933D23566C9C002C6976 /* Build configuration list for PBXProject "group15_assignment6" */;
			compatibilityVersion = "Xcode 9.3";
			developmentRegion = en;
			hasScannedForEncodings = 0;
			knownRegions = (
				en,
				Base,
			);
			mainGroup = 7369933923566C9C002C6976;
			productRefGroup = 7369934323566C9C002C6976 /* Products */;
			projectDirPath = "";
			projectRoot = "";
			targets = (
				7369934123566C9C002C6976 /* group15_assignment6 */,
			);
		};
/* End PBXProject section */

/* Begin PBXResourcesBuildPhase section */
		7369934023566C9C002C6976 /* Resources */ = {
			isa = PBXResourcesBuildPhase;
			buildActionMask = 2147483647;
			files = (
				7369935323566C9D002C6976 /* LaunchScreen.storyboard in Resources */,
				7369935023566C9D002C6976 /* Assets.xcassets in Resources */,
				7369934B23566C9C002C6976 /* Main.storyboard in Resources */,
			);
			runOnlyForDeploymentPostprocessing = 0;
		};
/* End PBXResourcesBuildPhase section */

/* Begin PBXSourcesBuildPhase section */
		7369933E23566C9C002C6976 /* Sources */ = {
			isa = PBXSourcesBuildPhase;
			buildActionMask = 2147483647;
			files = (
				7369935D23567032002C6976 /* AddAdventurerViewController.swift in Sources */,
				73699363235671F0002C6976 /* AdventurerTableViewController.swift in Sources */,
				7369934E23566C9C002C6976 /* group15_assignment6.xcdatamodeld in Sources */,
				7369934823566C9C002C6976 /* ViewController.swift in Sources */,
				7369934623566C9C002C6976 /* AppDelegate.swift in Sources */,
				7369935F23567039002C6976 /* QuestViewController.swift in Sources */,
			);
			runOnlyForDeploymentPostprocessing = 0;
		};
/* End PBXSourcesBuildPhase section */

/* Begin PBXVariantGroup section */
		7369934923566C9C002C6976 /* Main.storyboard */ = {
			isa = PBXVariantGroup;
			children = (
				7369934A23566C9C002C6976 /* Base */,
			);
			name = Main.storyboard;
			sourceTree = "<group>";
		};
		7369935123566C9D002C6976 /* LaunchScreen.storyboard */ = {
			isa = PBXVariantGroup;
			children = (
				7369935223566C9D002C6976 /* Base */,
			);
			name = LaunchScreen.storyboard;
			sourceTree = "<group>";
		};
/* End PBXVariantGroup section */

/* Begin XCBuildConfiguration section */
		7369935523566C9D002C6976 /* Debug */ = {
			isa = XCBuildConfiguration;
			buildSettings = {
				ALWAYS_SEARCH_USER_PATHS = NO;
				CLANG_ANALYZER_NONNULL = YES;
				CLANG_ANALYZER_NUMBER_OBJECT_CONVERSION = YES_AGGRESSIVE;
				CLANG_CXX_LANGUAGE_STANDARD = "gnu++14";
				CLANG_CXX_LIBRARY = "libc++";
				CLANG_ENABLE_MODULES = YES;
				CLANG_ENABLE_OBJC_ARC = YES;
				CLANG_ENABLE_OBJC_WEAK = YES;
				CLANG_WARN_BLOCK_CAPTURE_AUTORELEASING = YES;
				CLANG_WARN_BOOL_CONVERSION = YES;
				CLANG_WARN_COMMA = YES;
				CLANG_WARN_CONSTANT_CONVERSION = YES;
				CLANG_WARN_DEPRECATED_OBJC_IMPLEMENTATIONS = YES;
				CLANG_WARN_DIRECT_OBJC_ISA_USAGE = YES_ERROR;
				CLANG_WARN_DOCUMENTATION_COMMENTS = YES;
				CLANG_WARN_EMPTY_BODY = YES;
				CLANG_WARN_ENUM_CONVERSION = YES;
				CLANG_WARN_INFINITE_RECURSION = YES;
				CLANG_WARN_INT_CONVERSION = YES;
				CLANG_WARN_NON_LITERAL_NULL_CONVERSION = YES;
				CLANG_WARN_OBJC_IMPLICIT_RETAIN_SELF = YES;
				CLANG_WARN_OBJC_LITERAL_CONVERSION = YES;
				CLANG_WARN_OBJC_ROOT_CLASS = YES_ERROR;
				CLANG_WARN_RANGE_LOOP_ANALYSIS = YES;
				CLANG_WARN_STRICT_PROTOTYPES = YES;
				CLANG_WARN_SUSPICIOUS_MOVE = YES;
				CLANG_WARN_UNGUARDED_AVAILABILITY = YES_AGGRESSIVE;
				CLANG_WARN_UNREACHABLE_CODE = YES;
				CLANG_WARN__DUPLICATE_METHOD_MATCH = YES;
				CODE_SIGN_IDENTITY = "iPhone Developer";
				COPY_PHASE_STRIP = NO;
				DEBUG_INFORMATION_FORMAT = dwarf;
				ENABLE_STRICT_OBJC_MSGSEND = YES;
				ENABLE_TESTABILITY = YES;
				GCC_C_LANGUAGE_STANDARD = gnu11;
				GCC_DYNAMIC_NO_PIC = NO;
				GCC_NO_COMMON_BLOCKS = YES;
				GCC_OPTIMIZATION_LEVEL = 0;
				GCC_PREPROCESSOR_DEFINITIONS = (
					"DEBUG=1",
					"$(inherited)",
				);
				GCC_WARN_64_TO_32_BIT_CONVERSION = YES;
				GCC_WARN_ABOUT_RETURN_TYPE = YES_ERROR;
				GCC_WARN_UNDECLARED_SELECTOR = YES;
				GCC_WARN_UNINITIALIZED_AUTOS = YES_AGGRESSIVE;
				GCC_WARN_UNUSED_FUNCTION = YES;
				GCC_WARN_UNUSED_VARIABLE = YES;
				IPHONEOS_DEPLOYMENT_TARGET = 12.4;
				MTL_ENABLE_DEBUG_INFO = INCLUDE_SOURCE;
				MTL_FAST_MATH = YES;
				ONLY_ACTIVE_ARCH = YES;
				SDKROOT = iphoneos;
				SWIFT_ACTIVE_COMPILATION_CONDITIONS = DEBUG;
				SWIFT_OPTIMIZATION_LEVEL = "-Onone";
			};
			name = Debug;
		};
		7369935623566C9D002C6976 /* Release */ = {
			isa = XCBuildConfiguration;
			buildSettings = {
				ALWAYS_SEARCH_USER_PATHS = NO;
				CLANG_ANALYZER_NONNULL = YES;
				CLANG_ANALYZER_NUMBER_OBJECT_CONVERSION = YES_AGGRESSIVE;
				CLANG_CXX_LANGUAGE_STANDARD = "gnu++14";
				CLANG_CXX_LIBRARY = "libc++";
				CLANG_ENABLE_MODULES = YES;
				CLANG_ENABLE_OBJC_ARC = YES;
				CLANG_ENABLE_OBJC_WEAK = YES;
				CLANG_WARN_BLOCK_CAPTURE_AUTORELEASING = YES;
				CLANG_WARN_BOOL_CONVERSION = YES;
				CLANG_WARN_COMMA = YES;
				CLANG_WARN_CONSTANT_CONVERSION = YES;
				CLANG_WARN_DEPRECATED_OBJC_IMPLEMENTATIONS = YES;
				CLANG_WARN_DIRECT_OBJC_ISA_USAGE = YES_ERROR;
				CLANG_WARN_DOCUMENTATION_COMMENTS = YES;
				CLANG_WARN_EMPTY_BODY = YES;
				CLANG_WARN_ENUM_CONVERSION = YES;
				CLANG_WARN_INFINITE_RECURSION = YES;
				CLANG_WARN_INT_CONVERSION = YES;
				CLANG_WARN_NON_LITERAL_NULL_CONVERSION = YES;
				CLANG_WARN_OBJC_IMPLICIT_RETAIN_SELF = YES;
				CLANG_WARN_OBJC_LITERAL_CONVERSION = YES;
				CLANG_WARN_OBJC_ROOT_CLASS = YES_ERROR;
				CLANG_WARN_RANGE_LOOP_ANALYSIS = YES;
				CLANG_WARN_STRICT_PROTOTYPES = YES;
				CLANG_WARN_SUSPICIOUS_MOVE = YES;
				CLANG_WARN_UNGUARDED_AVAILABILITY = YES_AGGRESSIVE;
				CLANG_WARN_UNREACHABLE_CODE = YES;
				CLANG_WARN__DUPLICATE_METHOD_MATCH = YES;
				CODE_SIGN_IDENTITY = "iPhone Developer";
				COPY_PHASE_STRIP = NO;
				DEBUG_INFORMATION_FORMAT = "dwarf-with-dsym";
				ENABLE_NS_ASSERTIONS = NO;
				ENABLE_STRICT_OBJC_MSGSEND = YES;
				GCC_C_LANGUAGE_STANDARD = gnu11;
				GCC_NO_COMMON_BLOCKS = YES;
				GCC_WARN_64_TO_32_BIT_CONVERSION = YES;
				GCC_WARN_ABOUT_RETURN_TYPE = YES_ERROR;
				GCC_WARN_UNDECLARED_SELECTOR = YES;
				GCC_WARN_UNINITIALIZED_AUTOS = YES_AGGRESSIVE;
				GCC_WARN_UNUSED_FUNCTION = YES;
				GCC_WARN_UNUSED_VARIABLE = YES;
				IPHONEOS_DEPLOYMENT_TARGET = 12.4;
				MTL_ENABLE_DEBUG_INFO = NO;
				MTL_FAST_MATH = YES;
				SDKROOT = iphoneos;
				SWIFT_COMPILATION_MODE = wholemodule;
				SWIFT_OPTIMIZATION_LEVEL = "-O";
				VALIDATE_PRODUCT = YES;
			};
			name = Release;
		};
		7369935823566C9D002C6976 /* Debug */ = {
			isa = XCBuildConfiguration;
			buildSettings = {
				ASSETCATALOG_COMPILER_APPICON_NAME = AppIcon;
				CODE_SIGN_STYLE = Automatic;
				INFOPLIST_FILE = group15_assignment6/Info.plist;
				LD_RUNPATH_SEARCH_PATHS = (
					"$(inherited)",
					"@executable_path/Frameworks",
				);
				PRODUCT_BUNDLE_IDENTIFIER = "cs329e.group15-assignment6";
				PRODUCT_NAME = "$(TARGET_NAME)";
				SWIFT_VERSION = 5.0;
				TARGETED_DEVICE_FAMILY = "1,2";
			};
			name = Debug;
		};
		7369935923566C9D002C6976 /* Release */ = {
			isa = XCBuildConfiguration;
			buildSettings = {
				ASSETCATALOG_COMPILER_APPICON_NAME = AppIcon;
				CODE_SIGN_STYLE = Automatic;
				INFOPLIST_FILE = group15_assignment6/Info.plist;
				LD_RUNPATH_SEARCH_PATHS = (
					"$(inherited)",
					"@executable_path/Frameworks",
				);
				PRODUCT_BUNDLE_IDENTIFIER = "cs329e.group15-assignment6";
				PRODUCT_NAME = "$(TARGET_NAME)";
				SWIFT_VERSION = 5.0;
				TARGETED_DEVICE_FAMILY = "1,2";
			};
			name = Release;
		};
/* End XCBuildConfiguration section */

/* Begin XCConfigurationList section */
		7369933D23566C9C002C6976 /* Build configuration list for PBXProject "group15_assignment6" */ = {
			isa = XCConfigurationList;
			buildConfigurations = (
				7369935523566C9D002C6976 /* Debug */,
				7369935623566C9D002C6976 /* Release */,
			);
			defaultConfigurationIsVisible = 0;
			defaultConfigurationName = Release;
		};
		7369935723566C9D002C6976 /* Build configuration list for PBXNativeTarget "group15_assignment6" */ = {
			isa = XCConfigurationList;
			buildConfigurations = (
				7369935823566C9D002C6976 /* Debug */,
				7369935923566C9D002C6976 /* Release */,
			);
			defaultConfigurationIsVisible = 0;
			defaultConfigurationName = Release;
		};
/* End XCConfigurationList section */

/* Begin XCVersionGroup section */
		7369934C23566C9C002C6976 /* group15_assignment6.xcdatamodeld */ = {
			isa = XCVersionGroup;
			children = (
				7369934D23566C9C002C6976 /* group15_assignment6.xcdatamodel */,
			);
			currentVersion = 7369934D23566C9C002C6976 /* group15_assignment6.xcdatamodel */;
			path = group15_assignment6.xcdatamodeld;
			sourceTree = "<group>";
			versionGroupType = wrapper.xcdatamodel;
		};
/* End XCVersionGroup section */
	};
	rootObject = 7369933A23566C9C002C6976 /* Project object */;
}
